
Microsoft Visual Studio Solution File, Format Version 12.00
# Visual Studio 14
VisualStudioVersion = 14.0.25420.1
MinimumVisualStudioVersion = 10.0.40219.1
Project("{FAE04EC0-301F-11D3-BF4B-00C04F79EFBC}") = "NorthwindApp", "NorthwindApp\NorthwindApp.csproj", "{1D7E1132-0684-4340-9286-6AAC633901A7}"
EndProject
Project("{FAE04EC0-301F-11D3-BF4B-00C04F79EFBC}") = "Model", "Model\Model.csproj", "{37F58E6A-8499-4B19-8019-A0D350C117A6}"
EndProject
Project("{FAE04EC0-301F-11D3-BF4B-00C04F79EFBC}") = "DAL", "DAL\DAL.csproj", "{7B3E4E1F-5900-43E4-BFFB-0EF7BC6E4B97}"
EndProject
Project("{FAE04EC0-301F-11D3-BF4B-00C04F79EFBC}") = "RepositoryTest", "RepositoryTest\RepositoryTest.csproj", "{A334C75A-716C-43E5-867E-78516A133193}"
EndProject
Project("{FAE04EC0-301F-11D3-BF4B-00C04F79EFBC}") = "BussinesService", "BussinesService\BussinesService.csproj", "{73AA4DD7-F1DC-467E-B1C2-1499E48DE327}"
EndProject
Project("{FAE04EC0-301F-11D3-BF4B-00C04F79EFBC}") = "InfrastucturedServices", "InfrastucturedServices\InfrastucturedServices.csproj", "{C767821E-BDAD-427E-8304-46F6AB0C796B}"
EndProject
Project("{FAE04EC0-301F-11D3-BF4B-00C04F79EFBC}") = "WebPresentation", "WebPresentation\WebPresentation.csproj", "{F396AF9E-30C4-4AFB-A2E2-0242D16F9A95}"
EndProject
Global
	GlobalSection(SolutionConfigurationPlatforms) = preSolution
		Debug|Any CPU = Debug|Any CPU
		Release|Any CPU = Release|Any CPU
	EndGlobalSection
	GlobalSection(ProjectConfigurationPlatforms) = postSolution
		{1D7E1132-0684-4340-9286-6AAC633901A7}.Debug|Any CPU.ActiveCfg = Debug|Any CPU
		{1D7E1132-0684-4340-9286-6AAC633901A7}.Debug|Any CPU.Build.0 = Debug|Any CPU
		{1D7E1132-0684-4340-9286-6AAC633901A7}.Release|Any CPU.ActiveCfg = Release|Any CPU
		{1D7E1132-0684-4340-9286-6AAC633901A7}.Release|Any CPU.Build.0 = Release|Any CPU
		{37F58E6A-8499-4B19-8019-A0D350C117A6}.Debug|Any CPU.ActiveCfg = Debug|Any CPU
		{37F58E6A-8499-4B19-8019-A0D350C117A6}.Debug|Any CPU.Build.0 = Debug|Any CPU
		{37F58E6A-8499-4B19-8019-A0D350C117A6}.Release|Any CPU.ActiveCfg = Release|Any CPU
		{37F58E6A-8499-4B19-8019-A0D350C117A6}.Release|Any CPU.Build.0 = Release|Any CPU
		{7B3E4E1F-5900-43E4-BFFB-0EF7BC6E4B97}.Debug|Any CPU.ActiveCfg = Debug|Any CPU
		{7B3E4E1F-5900-43E4-BFFB-0EF7BC6E4B97}.Debug|Any CPU.Build.0 = Debug|Any CPU
		{7B3E4E1F-5900-43E4-BFFB-0EF7BC6E4B97}.Release|Any CPU.ActiveCfg = Release|Any CPU
		{7B3E4E1F-5900-43E4-BFFB-0EF7BC6E4B97}.Release|Any CPU.Build.0 = Release|Any CPU
		{A334C75A-716C-43E5-867E-78516A133193}.Debug|Any CPU.ActiveCfg = Debug|Any CPU
		{A334C75A-716C-43E5-867E-78516A133193}.Debug|Any CPU.Build.0 = Debug|Any CPU
		{A334C75A-716C-43E5-867E-78516A133193}.Release|Any CPU.ActiveCfg = Release|Any CPU
		{A334C75A-716C-43E5-867E-78516A133193}.Release|Any CPU.Build.0 = Release|Any CPU
		{73AA4DD7-F1DC-467E-B1C2-1499E48DE327}.Debug|Any CPU.ActiveCfg = Debug|Any CPU
		{73AA4DD7-F1DC-467E-B1C2-1499E48DE327}.Debug|Any CPU.Build.0 = Debug|Any CPU
		{73AA4DD7-F1DC-467E-B1C2-1499E48DE327}.Release|Any CPU.ActiveCfg = Release|Any CPU
		{73AA4DD7-F1DC-467E-B1C2-1499E48DE327}.Release|Any CPU.Build.0 = Release|Any CPU
		{C767821E-BDAD-427E-8304-46F6AB0C796B}.Debug|Any CPU.ActiveCfg = Debug|Any CPU
		{C767821E-BDAD-427E-8304-46F6AB0C796B}.Debug|Any CPU.Build.0 = Debug|Any CPU
		{C767821E-BDAD-427E-8304-46F6AB0C796B}.Release|Any CPU.ActiveCfg = Release|Any CPU
		{C767821E-BDAD-427E-8304-46F6AB0C796B}.Release|Any CPU.Build.0 = Release|Any CPU
		{F396AF9E-30C4-4AFB-A2E2-0242D16F9A95}.Debug|Any CPU.ActiveCfg = Debug|Any CPU
		{F396AF9E-30C4-4AFB-A2E2-0242D16F9A95}.Debug|Any CPU.Build.0 = Debug|Any CPU
		{F396AF9E-30C4-4AFB-A2E2-0242D16F9A95}.Release|Any CPU.ActiveCfg = Release|Any CPU
		{F396AF9E-30C4-4AFB-A2E2-0242D16F9A95}.Release|Any CPU.Build.0 = Release|Any CPU
	EndGlobalSection
	GlobalSection(SolutionProperties) = preSolution
		HideSolutionNode = FALSE
	EndGlobalSection
EndGlobal
